// !$*UTF8*$!
{
	archiveVersion = 1;
	classes = {
	};
	objectVersion = 46;
	objects = {

/* Begin PBXBuildFile section */
		84001F551CFF136D0026C63F /* AppDelegate.m in Sources */ = {isa = PBXBuildFile; fileRef = 84001EFC1CFF136D0026C63F /* AppDelegate.m */; };
		84001F561CFF136D0026C63F /* Assets.xcassets in Resources */ = {isa = PBXBuildFile; fileRef = 84001EFD1CFF136D0026C63F /* Assets.xcassets */; };
		84001F571CFF136D0026C63F /* LaunchScreen.storyboard in Resources */ = {isa = PBXBuildFile; fileRef = 84001EFE1CFF136D0026C63F /* LaunchScreen.storyboard */; };
		84001F581CFF136D0026C63F /* Main.storyboard in Resources */ = {isa = PBXBuildFile; fileRef = 84001F001CFF136D0026C63F /* Main.storyboard */; };
		84001F5B1CFF136D0026C63F /* UIControl+YYAdd.m in Sources */ = {isa = PBXBuildFile; fileRef = 84001F091CFF136D0026C63F /* UIControl+YYAdd.m */; };
		84001F5C1CFF136D0026C63F /* UIView+YYAdd.m in Sources */ = {isa = PBXBuildFile; fileRef = 84001F0B1CFF136D0026C63F /* UIView+YYAdd.m */; };
		84001F631CFF136D0026C63F /* camra_beauty@2x.png in Resources */ = {isa = PBXBuildFile; fileRef = 84001F1E1CFF136D0026C63F /* camra_beauty@2x.png */; };
		84001F641CFF136D0026C63F /* camra_beauty@3x.png in Resources */ = {isa = PBXBuildFile; fileRef = 84001F1F1CFF136D0026C63F /* camra_beauty@3x.png */; };
		84001F651CFF136D0026C63F /* camra_beauty_close@2x.png in Resources */ = {isa = PBXBuildFile; fileRef = 84001F201CFF136D0026C63F /* camra_beauty_close@2x.png */; };
		84001F661CFF136D0026C63F /* camra_beauty_close@3x.png in Resources */ = {isa = PBXBuildFile; fileRef = 84001F211CFF136D0026C63F /* camra_beauty_close@3x.png */; };
		84001F671CFF136D0026C63F /* camra_preview@2x.png in Resources */ = {isa = PBXBuildFile; fileRef = 84001F221CFF136D0026C63F /* camra_preview@2x.png */; };
		84001F681CFF136D0026C63F /* camra_preview@3x.png in Resources */ = {isa = PBXBuildFile; fileRef = 84001F231CFF136D0026C63F /* camra_preview@3x.png */; };
		84001F691CFF136D0026C63F /* close_preview@2x.png in Resources */ = {isa = PBXBuildFile; fileRef = 84001F241CFF136D0026C63F /* close_preview@2x.png */; };
		84001F6A1CFF136D0026C63F /* close_preview@3x.png in Resources */ = {isa = PBXBuildFile; fileRef = 84001F251CFF136D0026C63F /* close_preview@3x.png */; };
		84001F6D1CFF136D0026C63F /* LMLivePreview.m in Sources */ = {isa = PBXBuildFile; fileRef = 84001F2B1CFF136D0026C63F /* LMLivePreview.m */; };
		84001F6F1CFF136D0026C63F /* main.m in Sources */ = {isa = PBXBuildFile; fileRef = 84001F2E1CFF136D0026C63F /* main.m */; };
		84001F7F1CFF136D0026C63F /* ViewController.m in Sources */ = {isa = PBXBuildFile; fileRef = 84001F541CFF136D0026C63F /* ViewController.m */; };
		84F873941CEF059900C4B126 /* libz.tbd in Frameworks */ = {isa = PBXBuildFile; fileRef = 84F873931CEF059900C4B126 /* libz.tbd */; };
		84F873961CEF059E00C4B126 /* UIKit.framework in Frameworks */ = {isa = PBXBuildFile; fileRef = 84F873951CEF059E00C4B126 /* UIKit.framework */; };
		84F873981CEF05A200C4B126 /* Foundation.framework in Frameworks */ = {isa = PBXBuildFile; fileRef = 84F873971CEF05A200C4B126 /* Foundation.framework */; };
		84F8739A1CEF05A700C4B126 /* AVFoundation.framework in Frameworks */ = {isa = PBXBuildFile; fileRef = 84F873991CEF05A700C4B126 /* AVFoundation.framework */; };
		84F8739C1CEF05AB00C4B126 /* AudioToolbox.framework in Frameworks */ = {isa = PBXBuildFile; fileRef = 84F8739B1CEF05AB00C4B126 /* AudioToolbox.framework */; };
		84F8739E1CEF05B000C4B126 /* VideoToolbox.framework in Frameworks */ = {isa = PBXBuildFile; fileRef = 84F8739D1CEF05B000C4B126 /* VideoToolbox.framework */; };
		DF5B849A1D6997839AF796A5 /* libPods-LMLiveStreaming.a in Frameworks */ = {isa = PBXBuildFile; fileRef = B03E5570E15B32432C249639 /* libPods-LMLiveStreaming.a */; };
/* End PBXBuildFile section */

/* Begin PBXFileReference section */
		7926D4A194E142F8A2F2B54E /* Pods-LMLiveStreaming.release.xcconfig */ = {isa = PBXFileReference; includeInIndex = 1; lastKnownFileType = text.xcconfig; name = "Pods-LMLiveStreaming.release.xcconfig"; path = "Pods/Target Support Files/Pods-LMLiveStreaming/Pods-LMLiveStreaming.release.xcconfig"; sourceTree = "<group>"; };
		84001EFB1CFF136D0026C63F /* AppDelegate.h */ = {isa = PBXFileReference; fileEncoding = 4; lastKnownFileType = sourcecode.c.h; path = AppDelegate.h; sourceTree = "<group>"; };
		84001EFC1CFF136D0026C63F /* AppDelegate.m */ = {isa = PBXFileReference; fileEncoding = 4; lastKnownFileType = sourcecode.c.objc; path = AppDelegate.m; sourceTree = "<group>"; };
		84001EFD1CFF136D0026C63F /* Assets.xcassets */ = {isa = PBXFileReference; lastKnownFileType = folder.assetcatalog; path = Assets.xcassets; sourceTree = "<group>"; };
		84001EFF1CFF136D0026C63F /* Base */ = {isa = PBXFileReference; lastKnownFileType = file.storyboard; name = Base; path = Base.lproj/LaunchScreen.storyboard; sourceTree = "<group>"; };
		84001F011CFF136D0026C63F /* Base */ = {isa = PBXFileReference; lastKnownFileType = file.storyboard; name = Base; path = Base.lproj/Main.storyboard; sourceTree = "<group>"; };
		84001F081CFF136D0026C63F /* UIControl+YYAdd.h */ = {isa = PBXFileReference; fileEncoding = 4; lastKnownFileType = sourcecode.c.h; path = "UIControl+YYAdd.h"; sourceTree = "<group>"; };
		84001F091CFF136D0026C63F /* UIControl+YYAdd.m */ = {isa = PBXFileReference; fileEncoding = 4; lastKnownFileType = sourcecode.c.objc; path = "UIControl+YYAdd.m"; sourceTree = "<group>"; };
		84001F0A1CFF136D0026C63F /* UIView+YYAdd.h */ = {isa = PBXFileReference; fileEncoding = 4; lastKnownFileType = sourcecode.c.h; path = "UIView+YYAdd.h"; sourceTree = "<group>"; };
		84001F0B1CFF136D0026C63F /* UIView+YYAdd.m */ = {isa = PBXFileReference; fileEncoding = 4; lastKnownFileType = sourcecode.c.objc; path = "UIView+YYAdd.m"; sourceTree = "<group>"; };
		84001F1E1CFF136D0026C63F /* camra_beauty@2x.png */ = {isa = PBXFileReference; lastKnownFileType = image.png; path = "camra_beauty@2x.png"; sourceTree = "<group>"; };
		84001F1F1CFF136D0026C63F /* camra_beauty@3x.png */ = {isa = PBXFileReference; lastKnownFileType = image.png; path = "camra_beauty@3x.png"; sourceTree = "<group>"; };
		84001F201CFF136D0026C63F /* camra_beauty_close@2x.png */ = {isa = PBXFileReference; lastKnownFileType = image.png; path = "camra_beauty_close@2x.png"; sourceTree = "<group>"; };
		84001F211CFF136D0026C63F /* camra_beauty_close@3x.png */ = {isa = PBXFileReference; lastKnownFileType = image.png; path = "camra_beauty_close@3x.png"; sourceTree = "<group>"; };
		84001F221CFF136D0026C63F /* camra_preview@2x.png */ = {isa = PBXFileReference; lastKnownFileType = image.png; path = "camra_preview@2x.png"; sourceTree = "<group>"; };
		84001F231CFF136D0026C63F /* camra_preview@3x.png */ = {isa = PBXFileReference; lastKnownFileType = image.png; path = "camra_preview@3x.png"; sourceTree = "<group>"; };
		84001F241CFF136D0026C63F /* close_preview@2x.png */ = {isa = PBXFileReference; lastKnownFileType = image.png; path = "close_preview@2x.png"; sourceTree = "<group>"; };
		84001F251CFF136D0026C63F /* close_preview@3x.png */ = {isa = PBXFileReference; lastKnownFileType = image.png; path = "close_preview@3x.png"; sourceTree = "<group>"; };
		84001F261CFF136D0026C63F /* Info.plist */ = {isa = PBXFileReference; fileEncoding = 4; lastKnownFileType = text.plist.xml; path = Info.plist; sourceTree = "<group>"; };
		84001F2A1CFF136D0026C63F /* LMLivePreview.h */ = {isa = PBXFileReference; fileEncoding = 4; lastKnownFileType = sourcecode.c.h; path = LMLivePreview.h; sourceTree = "<group>"; };
		84001F2B1CFF136D0026C63F /* LMLivePreview.m */ = {isa = PBXFileReference; fileEncoding = 4; lastKnownFileType = sourcecode.c.objc; path = LMLivePreview.m; sourceTree = "<group>"; };
		84001F2E1CFF136D0026C63F /* main.m */ = {isa = PBXFileReference; fileEncoding = 4; lastKnownFileType = sourcecode.c.objc; path = main.m; sourceTree = "<group>"; };
		84001F531CFF136D0026C63F /* ViewController.h */ = {isa = PBXFileReference; fileEncoding = 4; lastKnownFileType = sourcecode.c.h; path = ViewController.h; sourceTree = "<group>"; };
		84001F541CFF136D0026C63F /* ViewController.m */ = {isa = PBXFileReference; fileEncoding = 4; lastKnownFileType = sourcecode.c.objc; path = ViewController.m; sourceTree = "<group>"; };
		84F8726A1CEF04D600C4B126 /* LMLiveStreaming.app */ = {isa = PBXFileReference; explicitFileType = wrapper.application; includeInIndex = 0; path = LMLiveStreaming.app; sourceTree = BUILT_PRODUCTS_DIR; };
		84F873931CEF059900C4B126 /* libz.tbd */ = {isa = PBXFileReference; lastKnownFileType = "sourcecode.text-based-dylib-definition"; name = libz.tbd; path = usr/lib/libz.tbd; sourceTree = SDKROOT; };
		84F873951CEF059E00C4B126 /* UIKit.framework */ = {isa = PBXFileReference; lastKnownFileType = wrapper.framework; name = UIKit.framework; path = System/Library/Frameworks/UIKit.framework; sourceTree = SDKROOT; };
		84F873971CEF05A200C4B126 /* Foundation.framework */ = {isa = PBXFileReference; lastKnownFileType = wrapper.framework; name = Foundation.framework; path = System/Library/Frameworks/Foundation.framework; sourceTree = SDKROOT; };
		84F873991CEF05A700C4B126 /* AVFoundation.framework */ = {isa = PBXFileReference; lastKnownFileType = wrapper.framework; name = AVFoundation.framework; path = System/Library/Frameworks/AVFoundation.framework; sourceTree = SDKROOT; };
		84F8739B1CEF05AB00C4B126 /* AudioToolbox.framework */ = {isa = PBXFileReference; lastKnownFileType = wrapper.framework; name = AudioToolbox.framework; path = System/Library/Frameworks/AudioToolbox.framework; sourceTree = SDKROOT; };
		84F8739D1CEF05B000C4B126 /* VideoToolbox.framework */ = {isa = PBXFileReference; lastKnownFileType = wrapper.framework; name = VideoToolbox.framework; path = System/Library/Frameworks/VideoToolbox.framework; sourceTree = SDKROOT; };
		B03E5570E15B32432C249639 /* libPods-LMLiveStreaming.a */ = {isa = PBXFileReference; explicitFileType = archive.ar; includeInIndex = 0; path = "libPods-LMLiveStreaming.a"; sourceTree = BUILT_PRODUCTS_DIR; };
		FEFF595171B166A12E2181CD /* Pods-LMLiveStreaming.debug.xcconfig */ = {isa = PBXFileReference; includeInIndex = 1; lastKnownFileType = text.xcconfig; name = "Pods-LMLiveStreaming.debug.xcconfig"; path = "Pods/Target Support Files/Pods-LMLiveStreaming/Pods-LMLiveStreaming.debug.xcconfig"; sourceTree = "<group>"; };
/* End PBXFileReference section */

/* Begin PBXFrameworksBuildPhase section */
		84F872671CEF04D600C4B126 /* Frameworks */ = {
			isa = PBXFrameworksBuildPhase;
			buildActionMask = 2147483647;
			files = (
				84F8739E1CEF05B000C4B126 /* VideoToolbox.framework in Frameworks */,
				84F8739C1CEF05AB00C4B126 /* AudioToolbox.framework in Frameworks */,
				84F8739A1CEF05A700C4B126 /* AVFoundation.framework in Frameworks */,
				84F873981CEF05A200C4B126 /* Foundation.framework in Frameworks */,
				84F873961CEF059E00C4B126 /* UIKit.framework in Frameworks */,
				84F873941CEF059900C4B126 /* libz.tbd in Frameworks */,
				DF5B849A1D6997839AF796A5 /* libPods-LMLiveStreaming.a in Frameworks */,
			);
			runOnlyForDeploymentPostprocessing = 0;
		};
/* End PBXFrameworksBuildPhase section */

/* Begin PBXGroup section */
		770A3FDF8FC648964EFBA0E0 /* Pods */ = {
			isa = PBXGroup;
			children = (
				FEFF595171B166A12E2181CD /* Pods-LMLiveStreaming.debug.xcconfig */,
				7926D4A194E142F8A2F2B54E /* Pods-LMLiveStreaming.release.xcconfig */,
			);
			name = Pods;
			sourceTree = "<group>";
		};
		84001EFA1CFF136D0026C63F /* LMLiveStreaming */ = {
			isa = PBXGroup;
			children = (
				84001EFB1CFF136D0026C63F /* AppDelegate.h */,
				84001EFC1CFF136D0026C63F /* AppDelegate.m */,
				84001EFD1CFF136D0026C63F /* Assets.xcassets */,
				84001EFE1CFF136D0026C63F /* LaunchScreen.storyboard */,
				84001F001CFF136D0026C63F /* Main.storyboard */,
				84001F071CFF136D0026C63F /* category */,
				84001F1D1CFF136D0026C63F /* images */,
				84001F261CFF136D0026C63F /* Info.plist */,
				84001F2A1CFF136D0026C63F /* LMLivePreview.h */,
				84001F2B1CFF136D0026C63F /* LMLivePreview.m */,
				84001F2E1CFF136D0026C63F /* main.m */,
				84001F531CFF136D0026C63F /* ViewController.h */,
				84001F541CFF136D0026C63F /* ViewController.m */,
			);
			path = LMLiveStreaming;
			sourceTree = "<group>";
		};
		84001F071CFF136D0026C63F /* category */ = {
			isa = PBXGroup;
			children = (
				84001F081CFF136D0026C63F /* UIControl+YYAdd.h */,
				84001F091CFF136D0026C63F /* UIControl+YYAdd.m */,
				84001F0A1CFF136D0026C63F /* UIView+YYAdd.h */,
				84001F0B1CFF136D0026C63F /* UIView+YYAdd.m */,
			);
			path = category;
			sourceTree = "<group>";
		};
		84001F1D1CFF136D0026C63F /* images */ = {
			isa = PBXGroup;
			children = (
				84001F1E1CFF136D0026C63F /* camra_beauty@2x.png */,
				84001F1F1CFF136D0026C63F /* camra_beauty@3x.png */,
				84001F201CFF136D0026C63F /* camra_beauty_close@2x.png */,
				84001F211CFF136D0026C63F /* camra_beauty_close@3x.png */,
				84001F221CFF136D0026C63F /* camra_preview@2x.png */,
				84001F231CFF136D0026C63F /* camra_preview@3x.png */,
				84001F241CFF136D0026C63F /* close_preview@2x.png */,
				84001F251CFF136D0026C63F /* close_preview@3x.png */,
			);
			path = images;
			sourceTree = "<group>";
		};
		84F872611CEF04D600C4B126 = {
			isa = PBXGroup;
			children = (
				84001EFA1CFF136D0026C63F /* LMLiveStreaming */,
				84F8726B1CEF04D600C4B126 /* Products */,
				D57285E23964ACFFD90DB7ED /* Frameworks */,
				770A3FDF8FC648964EFBA0E0 /* Pods */,
			);
			sourceTree = "<group>";
		};
		84F8726B1CEF04D600C4B126 /* Products */ = {
			isa = PBXGroup;
			children = (
				84F8726A1CEF04D600C4B126 /* LMLiveStreaming.app */,
			);
			name = Products;
			sourceTree = "<group>";
		};
		D57285E23964ACFFD90DB7ED /* Frameworks */ = {
			isa = PBXGroup;
			children = (
				84F8739D1CEF05B000C4B126 /* VideoToolbox.framework */,
				84F8739B1CEF05AB00C4B126 /* AudioToolbox.framework */,
				84F873991CEF05A700C4B126 /* AVFoundation.framework */,
				84F873971CEF05A200C4B126 /* Foundation.framework */,
				84F873951CEF059E00C4B126 /* UIKit.framework */,
				84F873931CEF059900C4B126 /* libz.tbd */,
				B03E5570E15B32432C249639 /* libPods-LMLiveStreaming.a */,
			);
			name = Frameworks;
			sourceTree = "<group>";
		};
/* End PBXGroup section */

/* Begin PBXNativeTarget section */
		84F872691CEF04D600C4B126 /* LMLiveStreaming */ = {
			isa = PBXNativeTarget;
			buildConfigurationList = 84F872971CEF04D600C4B126 /* Build configuration list for PBXNativeTarget "LMLiveStreaming" */;
			buildPhases = (
				2BB4B39B7F92E93D9517DA3F /* 📦 Check Pods Manifest.lock */,
				84F872661CEF04D600C4B126 /* Sources */,
				84F872671CEF04D600C4B126 /* Frameworks */,
				84F872681CEF04D600C4B126 /* Resources */,
				C5801644871121F7717A135E /* 📦 Embed Pods Frameworks */,
				952A29A65C589D79C9D4AB1F /* 📦 Copy Pods Resources */,
			);
			buildRules = (
			);
			dependencies = (
			);
			name = LMLiveStreaming;
			productName = LMLiveStreaming;
			productReference = 84F8726A1CEF04D600C4B126 /* LMLiveStreaming.app */;
			productType = "com.apple.product-type.application";
		};
/* End PBXNativeTarget section */

/* Begin PBXProject section */
		84F872621CEF04D600C4B126 /* Project object */ = {
			isa = PBXProject;
			attributes = {
				LastUpgradeCheck = 0730;
				ORGANIZATIONNAME = admin;
				TargetAttributes = {
					84F872691CEF04D600C4B126 = {
						CreatedOnToolsVersion = 7.3;
						SystemCapabilities = {
							com.apple.BackgroundModes = {
								enabled = 1;
							};
						};
					};
				};
			};
			buildConfigurationList = 84F872651CEF04D600C4B126 /* Build configuration list for PBXProject "LMLiveStreaming" */;
			compatibilityVersion = "Xcode 3.2";
			developmentRegion = English;
			hasScannedForEncodings = 0;
			knownRegions = (
				en,
				Base,
			);
			mainGroup = 84F872611CEF04D600C4B126;
			productRefGroup = 84F8726B1CEF04D600C4B126 /* Products */;
			projectDirPath = "";
			projectRoot = "";
			targets = (
				84F872691CEF04D600C4B126 /* LMLiveStreaming */,
			);
		};
/* End PBXProject section */

/* Begin PBXResourcesBuildPhase section */
		84F872681CEF04D600C4B126 /* Resources */ = {
			isa = PBXResourcesBuildPhase;
			buildActionMask = 2147483647;
			files = (
				84001F651CFF136D0026C63F /* camra_beauty_close@2x.png in Resources */,
				84001F581CFF136D0026C63F /* Main.storyboard in Resources */,
				84001F631CFF136D0026C63F /* camra_beauty@2x.png in Resources */,
				84001F561CFF136D0026C63F /* Assets.xcassets in Resources */,
				84001F681CFF136D0026C63F /* camra_preview@3x.png in Resources */,
				84001F661CFF136D0026C63F /* camra_beauty_close@3x.png in Resources */,
				84001F6A1CFF136D0026C63F /* close_preview@3x.png in Resources */,
				84001F691CFF136D0026C63F /* close_preview@2x.png in Resources */,
				84001F571CFF136D0026C63F /* LaunchScreen.storyboard in Resources */,
				84001F671CFF136D0026C63F /* camra_preview@2x.png in Resources */,
				84001F641CFF136D0026C63F /* camra_beauty@3x.png in Resources */,
			);
			runOnlyForDeploymentPostprocessing = 0;
		};
/* End PBXResourcesBuildPhase section */

/* Begin PBXShellScriptBuildPhase section */
		2BB4B39B7F92E93D9517DA3F /* 📦 Check Pods Manifest.lock */ = {
			isa = PBXShellScriptBuildPhase;
			buildActionMask = 2147483647;
			files = (
			);
			inputPaths = (
			);
			name = "📦 Check Pods Manifest.lock";
			outputPaths = (
			);
			runOnlyForDeploymentPostprocessing = 0;
			shellPath = /bin/sh;
			shellScript = "diff \"${PODS_ROOT}/../Podfile.lock\" \"${PODS_ROOT}/Manifest.lock\" > /dev/null\nif [[ $? != 0 ]] ; then\n    cat << EOM\nerror: The sandbox is not in sync with the Podfile.lock. Run 'pod install' or update your CocoaPods installation.\nEOM\n    exit 1\nfi\n";
			showEnvVarsInLog = 0;
		};
		952A29A65C589D79C9D4AB1F /* 📦 Copy Pods Resources */ = {
			isa = PBXShellScriptBuildPhase;
			buildActionMask = 2147483647;
			files = (
			);
			inputPaths = (
			);
			name = "📦 Copy Pods Resources";
			outputPaths = (
			);
			runOnlyForDeploymentPostprocessing = 0;
			shellPath = /bin/sh;
			shellScript = "\"${SRCROOT}/Pods/Target Support Files/Pods-LMLiveStreaming/Pods-LMLiveStreaming-resources.sh\"\n";
			showEnvVarsInLog = 0;
		};
		C5801644871121F7717A135E /* 📦 Embed Pods Frameworks */ = {
			isa = PBXShellScriptBuildPhase;
			buildActionMask = 2147483647;
			files = (
			);
			inputPaths = (
			);
			name = "📦 Embed Pods Frameworks";
			outputPaths = (
			);
			runOnlyForDeploymentPostprocessing = 0;
			shellPath = /bin/sh;
			shellScript = "\"${SRCROOT}/Pods/Target Support Files/Pods-LMLiveStreaming/Pods-LMLiveStreaming-frameworks.sh\"\n";
			showEnvVarsInLog = 0;
		};
/* End PBXShellScriptBuildPhase section */

/* Begin PBXSourcesBuildPhase section */
		84F872661CEF04D600C4B126 /* Sources */ = {
			isa = PBXSourcesBuildPhase;
			buildActionMask = 2147483647;
			files = (
				84001F551CFF136D0026C63F /* AppDelegate.m in Sources */,
				84001F5B1CFF136D0026C63F /* UIControl+YYAdd.m in Sources */,
				84001F6F1CFF136D0026C63F /* main.m in Sources */,
				84001F5C1CFF136D0026C63F /* UIView+YYAdd.m in Sources */,
				84001F7F1CFF136D0026C63F /* ViewController.m in Sources */,
				84001F6D1CFF136D0026C63F /* LMLivePreview.m in Sources */,
			);
			runOnlyForDeploymentPostprocessing = 0;
		};
/* End PBXSourcesBuildPhase section */

/* Begin PBXVariantGroup section */
		84001EFE1CFF136D0026C63F /* LaunchScreen.storyboard */ = {
			isa = PBXVariantGroup;
			children = (
				84001EFF1CFF136D0026C63F /* Base */,
			);
			name = LaunchScreen.storyboard;
			sourceTree = "<group>";
		};
		84001F001CFF136D0026C63F /* Main.storyboard */ = {
			isa = PBXVariantGroup;
			children = (
				84001F011CFF136D0026C63F /* Base */,
			);
			name = Main.storyboard;
			sourceTree = "<group>";
		};
/* End PBXVariantGroup section */

/* Begin XCBuildConfiguration section */
		84F872951CEF04D600C4B126 /* Debug */ = {
			isa = XCBuildConfiguration;
			buildSettings = {
				ALWAYS_SEARCH_USER_PATHS = NO;
				CLANG_ANALYZER_NONNULL = YES;
				CLANG_CXX_LANGUAGE_STANDARD = "gnu++0x";
				CLANG_CXX_LIBRARY = "libc++";
				CLANG_ENABLE_MODULES = YES;
				CLANG_ENABLE_OBJC_ARC = YES;
				CLANG_WARN_BOOL_CONVERSION = YES;
				CLANG_WARN_CONSTANT_CONVERSION = YES;
				CLANG_WARN_DIRECT_OBJC_ISA_USAGE = YES_ERROR;
				CLANG_WARN_EMPTY_BODY = YES;
				CLANG_WARN_ENUM_CONVERSION = YES;
				CLANG_WARN_INT_CONVERSION = YES;
				CLANG_WARN_OBJC_ROOT_CLASS = YES_ERROR;
				CLANG_WARN_UNREACHABLE_CODE = YES;
				CLANG_WARN__DUPLICATE_METHOD_MATCH = YES;
				CODE_SIGN_IDENTITY = "iPhone Developer: chen liming (U82QXRPTYK)";
				"CODE_SIGN_IDENTITY[sdk=iphoneos*]" = "iPhone Developer: chen liming (U82QXRPTYK)";
				COPY_PHASE_STRIP = NO;
				DEBUG_INFORMATION_FORMAT = dwarf;
				ENABLE_STRICT_OBJC_MSGSEND = YES;
				ENABLE_TESTABILITY = YES;
				GCC_C_LANGUAGE_STANDARD = gnu99;
				GCC_DYNAMIC_NO_PIC = NO;
				GCC_NO_COMMON_BLOCKS = YES;
				GCC_OPTIMIZATION_LEVEL = 0;
				GCC_PREPROCESSOR_DEFINITIONS = (
					"DEBUG=1",
					"$(inherited)",
				);
				GCC_WARN_64_TO_32_BIT_CONVERSION = YES;
				GCC_WARN_ABOUT_RETURN_TYPE = YES_ERROR;
				GCC_WARN_UNDECLARED_SELECTOR = YES;
				GCC_WARN_UNINITIALIZED_AUTOS = YES_AGGRESSIVE;
				GCC_WARN_UNUSED_FUNCTION = YES;
				GCC_WARN_UNUSED_VARIABLE = YES;
				IPHONEOS_DEPLOYMENT_TARGET = 9.3;
				MTL_ENABLE_DEBUG_INFO = YES;
				ONLY_ACTIVE_ARCH = YES;
				PROVISIONING_PROFILE = "0d67243f-dff7-410c-ae9d-2f60e6ddfd57";
				SDKROOT = iphoneos;
				TARGETED_DEVICE_FAMILY = "1,2";
			};
			name = Debug;
		};
		84F872961CEF04D600C4B126 /* Release */ = {
			isa = XCBuildConfiguration;
			buildSettings = {
				ALWAYS_SEARCH_USER_PATHS = NO;
				CLANG_ANALYZER_NONNULL = YES;
				CLANG_CXX_LANGUAGE_STANDARD = "gnu++0x";
				CLANG_CXX_LIBRARY = "libc++";
				CLANG_ENABLE_MODULES = YES;
				CLANG_ENABLE_OBJC_ARC = YES;
				CLANG_WARN_BOOL_CONVERSION = YES;
				CLANG_WARN_CONSTANT_CONVERSION = YES;
				CLANG_WARN_DIRECT_OBJC_ISA_USAGE = YES_ERROR;
				CLANG_WARN_EMPTY_BODY = YES;
				CLANG_WARN_ENUM_CONVERSION = YES;
				CLANG_WARN_INT_CONVERSION = YES;
				CLANG_WARN_OBJC_ROOT_CLASS = YES_ERROR;
				CLANG_WARN_UNREACHABLE_CODE = YES;
				CLANG_WARN__DUPLICATE_METHOD_MATCH = YES;
				CODE_SIGN_IDENTITY = "iPhone Developer: chen liming (U82QXRPTYK)";
				"CODE_SIGN_IDENTITY[sdk=iphoneos*]" = "iPhone Developer: chen liming (U82QXRPTYK)";
				COPY_PHASE_STRIP = NO;
				DEBUG_INFORMATION_FORMAT = "dwarf-with-dsym";
				ENABLE_NS_ASSERTIONS = NO;
				ENABLE_STRICT_OBJC_MSGSEND = YES;
				GCC_C_LANGUAGE_STANDARD = gnu99;
				GCC_NO_COMMON_BLOCKS = YES;
				GCC_WARN_64_TO_32_BIT_CONVERSION = YES;
				GCC_WARN_ABOUT_RETURN_TYPE = YES_ERROR;
				GCC_WARN_UNDECLARED_SELECTOR = YES;
				GCC_WARN_UNINITIALIZED_AUTOS = YES_AGGRESSIVE;
				GCC_WARN_UNUSED_FUNCTION = YES;
				GCC_WARN_UNUSED_VARIABLE = YES;
				IPHONEOS_DEPLOYMENT_TARGET = 9.3;
				MTL_ENABLE_DEBUG_INFO = NO;
				PROVISIONING_PROFILE = "0d67243f-dff7-410c-ae9d-2f60e6ddfd57";
				SDKROOT = iphoneos;
				TARGETED_DEVICE_FAMILY = "1,2";
				VALIDATE_PRODUCT = YES;
			};
			name = Release;
		};
		84F872981CEF04D600C4B126 /* Debug */ = {
			isa = XCBuildConfiguration;
			baseConfigurationReference = FEFF595171B166A12E2181CD /* Pods-LMLiveStreaming.debug.xcconfig */;
			buildSettings = {
				ASSETCATALOG_COMPILER_APPICON_NAME = AppIcon;
				CODE_SIGN_IDENTITY = "iPhone Developer";
				"CODE_SIGN_IDENTITY[sdk=iphoneos*]" = "iPhone Developer";
				ENABLE_BITCODE = NO;
				INFOPLIST_FILE = LMLiveStreaming/Info.plist;
				IPHONEOS_DEPLOYMENT_TARGET = 8.0;
				LD_RUNPATH_SEARCH_PATHS = "$(inherited) @executable_path/Frameworks";
				PRODUCT_BUNDLE_IDENTIFIER = com.live.streaming;
				PRODUCT_NAME = "$(TARGET_NAME)";
				PROVISIONING_PROFILE = "";
			};
			name = Debug;
		};
		84F872991CEF04D600C4B126 /* Release */ = {
			isa = XCBuildConfiguration;
			baseConfigurationReference = 7926D4A194E142F8A2F2B54E /* Pods-LMLiveStreaming.release.xcconfig */;
			buildSettings = {
				ASSETCATALOG_COMPILER_APPICON_NAME = AppIcon;
				CODE_SIGN_IDENTITY = "iPhone Developer";
				"CODE_SIGN_IDENTITY[sdk=iphoneos*]" = "iPhone Developer";
				ENABLE_BITCODE = NO;
				INFOPLIST_FILE = LMLiveStreaming/Info.plist;
				IPHONEOS_DEPLOYMENT_TARGET = 8.0;
				LD_RUNPATH_SEARCH_PATHS = "$(inherited) @executable_path/Frameworks";
				PRODUCT_BUNDLE_IDENTIFIER = com.live.streaming;
				PRODUCT_NAME = "$(TARGET_NAME)";
				PROVISIONING_PROFILE = "";
			};
			name = Release;
		};
/* End XCBuildConfiguration section */

/* Begin XCConfigurationList section */
		84F872651CEF04D600C4B126 /* Build configuration list for PBXProject "LMLiveStreaming" */ = {
			isa = XCConfigurationList;
			buildConfigurations = (
				84F872951CEF04D600C4B126 /* Debug */,
				84F872961CEF04D600C4B126 /* Release */,
			);
			defaultConfigurationIsVisible = 0;
			defaultConfigurationName = Release;
		};
		84F872971CEF04D600C4B126 /* Build configuration list for PBXNativeTarget "LMLiveStreaming" */ = {
			isa = XCConfigurationList;
			buildConfigurations = (
				84F872981CEF04D600C4B126 /* Debug */,
				84F872991CEF04D600C4B126 /* Release */,
			);
			defaultConfigurationIsVisible = 0;
			defaultConfigurationName = Release;
		};
/* End XCConfigurationList section */
	};
	rootObject = 84F872621CEF04D600C4B126 /* Project object */;
}
